
Microsoft Visual Studio Solution File, Format Version 12.00
# Visual Studio 15
VisualStudioVersion = 15.0.28307.421
MinimumVisualStudioVersion = 10.0.40219.1
Project("{FAE04EC0-301F-11D3-BF4B-00C04F79EFBC}") = "TinkClient.iOS", "TinkClient\TinkClient.iOS\TinkClient.iOS.csproj", "{6C0AA75D-453B-4EDE-BE18-F26CF8E0581C}"
EndProject
Project("{FAE04EC0-301F-11D3-BF4B-00C04F79EFBC}") = "TinkClient", "TinkClient\TinkClient\TinkClient.csproj", "{BC02FD6B-8427-4B20-9B93-A42CD402EC0A}"
EndProject
Global
	GlobalSection(SolutionConfigurationPlatforms) = preSolution
		Ad-Hoc|Any CPU = Ad-Hoc|Any CPU
		Ad-Hoc|iPhone = Ad-Hoc|iPhone
		Ad-Hoc|iPhoneSimulator = Ad-Hoc|iPhoneSimulator
		AppStore|Any CPU = AppStore|Any CPU
		AppStore|iPhone = AppStore|iPhone
		AppStore|iPhoneSimulator = AppStore|iPhoneSimulator
		Debug|Any CPU = Debug|Any CPU
		Debug|iPhone = Debug|iPhone
		Debug|iPhoneSimulator = Debug|iPhoneSimulator
		Release|Any CPU = Release|Any CPU
		Release|iPhone = Release|iPhone
		Release|iPhoneSimulator = Release|iPhoneSimulator
	EndGlobalSection
	GlobalSection(ProjectConfigurationPlatforms) = postSolution
		{6C0AA75D-453B-4EDE-BE18-F26CF8E0581C}.Ad-Hoc|Any CPU.ActiveCfg = Ad-Hoc|iPhone
		{6C0AA75D-453B-4EDE-BE18-F26CF8E0581C}.Ad-Hoc|iPhone.ActiveCfg = Ad-Hoc|iPhone
		{6C0AA75D-453B-4EDE-BE18-F26CF8E0581C}.Ad-Hoc|iPhone.Build.0 = Ad-Hoc|iPhone
		{6C0AA75D-453B-4EDE-BE18-F26CF8E0581C}.Ad-Hoc|iPhoneSimulator.ActiveCfg = Ad-Hoc|iPhoneSimulator
		{6C0AA75D-453B-4EDE-BE18-F26CF8E0581C}.Ad-Hoc|iPhoneSimulator.Build.0 = Ad-Hoc|iPhoneSimulator
		{6C0AA75D-453B-4EDE-BE18-F26CF8E0581C}.AppStore|Any CPU.ActiveCfg = AppStore|iPhone
		{6C0AA75D-453B-4EDE-BE18-F26CF8E0581C}.AppStore|iPhone.ActiveCfg = AppStore|iPhone
		{6C0AA75D-453B-4EDE-BE18-F26CF8E0581C}.AppStore|iPhone.Build.0 = AppStore|iPhone
		{6C0AA75D-453B-4EDE-BE18-F26CF8E0581C}.AppStore|iPhoneSimulator.ActiveCfg = AppStore|iPhoneSimulator
		{6C0AA75D-453B-4EDE-BE18-F26CF8E0581C}.AppStore|iPhoneSimulator.Build.0 = AppStore|iPhoneSimulator
		{6C0AA75D-453B-4EDE-BE18-F26CF8E0581C}.Debug|Any CPU.ActiveCfg = Debug|iPhone
		{6C0AA75D-453B-4EDE-BE18-F26CF8E0581C}.Debug|iPhone.ActiveCfg = Debug|iPhone
		{6C0AA75D-453B-4EDE-BE18-F26CF8E0581C}.Debug|iPhone.Build.0 = Debug|iPhone
		{6C0AA75D-453B-4EDE-BE18-F26CF8E0581C}.Debug|iPhoneSimulator.ActiveCfg = Debug|iPhoneSimulator
		{6C0AA75D-453B-4EDE-BE18-F26CF8E0581C}.Debug|iPhoneSimulator.Build.0 = Debug|iPhoneSimulator
		{6C0AA75D-453B-4EDE-BE18-F26CF8E0581C}.Release|Any CPU.ActiveCfg = Release|iPhone
		{6C0AA75D-453B-4EDE-BE18-F26CF8E0581C}.Release|iPhone.ActiveCfg = Release|iPhone
		{6C0AA75D-453B-4EDE-BE18-F26CF8E0581C}.Release|iPhone.Build.0 = Release|iPhone
		{6C0AA75D-453B-4EDE-BE18-F26CF8E0581C}.Release|iPhoneSimulator.ActiveCfg = Release|iPhoneSimulator
		{6C0AA75D-453B-4EDE-BE18-F26CF8E0581C}.Release|iPhoneSimulator.Build.0 = Release|iPhoneSimulator
		{BC02FD6B-8427-4B20-9B93-A42CD402EC0A}.Ad-Hoc|Any CPU.ActiveCfg = Debug|Any CPU
		{BC02FD6B-8427-4B20-9B93-A42CD402EC0A}.Ad-Hoc|Any CPU.Build.0 = Debug|Any CPU
		{BC02FD6B-8427-4B20-9B93-A42CD402EC0A}.Ad-Hoc|iPhone.ActiveCfg = Debug|Any CPU
		{BC02FD6B-8427-4B20-9B93-A42CD402EC0A}.Ad-Hoc|iPhone.Build.0 = Debug|Any CPU
		{BC02FD6B-8427-4B20-9B93-A42CD402EC0A}.Ad-Hoc|iPhoneSimulator.ActiveCfg = Debug|Any CPU
		{BC02FD6B-8427-4B20-9B93-A42CD402EC0A}.Ad-Hoc|iPhoneSimulator.Build.0 = Debug|Any CPU
		{BC02FD6B-8427-4B20-9B93-A42CD402EC0A}.AppStore|Any CPU.ActiveCfg = Debug|Any CPU
		{BC02FD6B-8427-4B20-9B93-A42CD402EC0A}.AppStore|Any CPU.Build.0 = Debug|Any CPU
		{BC02FD6B-8427-4B20-9B93-A42CD402EC0A}.AppStore|iPhone.ActiveCfg = Debug|Any CPU
		{BC02FD6B-8427-4B20-9B93-A42CD402EC0A}.AppStore|iPhone.Build.0 = Debug|Any CPU
		{BC02FD6B-8427-4B20-9B93-A42CD402EC0A}.AppStore|iPhoneSimulator.ActiveCfg = Debug|Any CPU
		{BC02FD6B-8427-4B20-9B93-A42CD402EC0A}.AppStore|iPhoneSimulator.Build.0 = Debug|Any CPU
		{BC02FD6B-8427-4B20-9B93-A42CD402EC0A}.Debug|Any CPU.ActiveCfg = Debug|Any CPU
		{BC02FD6B-8427-4B20-9B93-A42CD402EC0A}.Debug|Any CPU.Build.0 = Debug|Any CPU
		{BC02FD6B-8427-4B20-9B93-A42CD402EC0A}.Debug|iPhone.ActiveCfg = Debug|Any CPU
		{BC02FD6B-8427-4B20-9B93-A42CD402EC0A}.Debug|iPhone.Build.0 = Debug|Any CPU
		{BC02FD6B-8427-4B20-9B93-A42CD402EC0A}.Debug|iPhoneSimulator.ActiveCfg = Debug|Any CPU
		{BC02FD6B-8427-4B20-9B93-A42CD402EC0A}.Debug|iPhoneSimulator.Build.0 = Debug|Any CPU
		{BC02FD6B-8427-4B20-9B93-A42CD402EC0A}.Release|Any CPU.ActiveCfg = Release|Any CPU
		{BC02FD6B-8427-4B20-9B93-A42CD402EC0A}.Release|Any CPU.Build.0 = Release|Any CPU
		{BC02FD6B-8427-4B20-9B93-A42CD402EC0A}.Release|iPhone.ActiveCfg = Release|Any CPU
		{BC02FD6B-8427-4B20-9B93-A42CD402EC0A}.Release|iPhone.Build.0 = Release|Any CPU
		{BC02FD6B-8427-4B20-9B93-A42CD402EC0A}.Release|iPhoneSimulator.ActiveCfg = Release|Any CPU
		{BC02FD6B-8427-4B20-9B93-A42CD402EC0A}.Release|iPhoneSimulator.Build.0 = Release|Any CPU
	EndGlobalSection
	GlobalSection(SolutionProperties) = preSolution
		HideSolutionNode = FALSE
	EndGlobalSection
	GlobalSection(ExtensibilityGlobals) = postSolution
		SolutionGuid = {1524F561-2F3A-442C-84DF-EADEA1900F1D}
	EndGlobalSection
EndGlobal
